// !$*UTF8*$!
{
	archiveVersion = 1;
	classes = {
	};
	objectVersion = 46;
	objects = {

/* Begin PBXBuildFile section */
		23B39C4E14F21C410011CE9A /* libCoreEngine3D(OSX).a in Frameworks */ = {isa = PBXBuildFile; fileRef = 23B39C4C14F21C410011CE9A /* libCoreEngine3D(OSX).a */; };
		23BAE23214DF7AAD007FC3C8 /* Main.cpp in Sources */ = {isa = PBXBuildFile; fileRef = 23BAE23114DF7AAD007FC3C8 /* Main.cpp */; };
/* End PBXBuildFile section */

/* Begin PBXCopyFilesBuildPhase section */
		23EAA01A14DF6AB800F0B167 /* CopyFiles */ = {
			isa = PBXCopyFilesBuildPhase;
			buildActionMask = 2147483647;
			dstPath = /usr/share/man/man1/;
			dstSubfolderSpec = 0;
			files = (
			);
			runOnlyForDeploymentPostprocessing = 1;
		};
/* End PBXCopyFilesBuildPhase section */

/* Begin PBXFileReference section */
		23B39C4C14F21C410011CE9A /* libCoreEngine3D(OSX).a */ = {isa = PBXFileReference; lastKnownFileType = archive.ar; name = "libCoreEngine3D(OSX).a"; path = "../../../build/Release/libCoreEngine3D(OSX).a"; sourceTree = "<group>"; };
		23BAE23114DF7AAD007FC3C8 /* Main.cpp */ = {isa = PBXFileReference; fileEncoding = 4; lastKnownFileType = sourcecode.cpp.cpp; path = Main.cpp; sourceTree = "<group>"; };
		23EAA01C14DF6AB800F0B167 /* HashString */ = {isa = PBXFileReference; explicitFileType = "compiled.mach-o.executable"; includeInIndex = 0; path = HashString; sourceTree = BUILT_PRODUCTS_DIR; };
/* End PBXFileReference section */

/* Begin PBXFrameworksBuildPhase section */
		23EAA01914DF6AB800F0B167 /* Frameworks */ = {
			isa = PBXFrameworksBuildPhase;
			buildActionMask = 2147483647;
			files = (
				23B39C4E14F21C410011CE9A /* libCoreEngine3D(OSX).a in Frameworks */,
			);
			runOnlyForDeploymentPostprocessing = 0;
		};
/* End PBXFrameworksBuildPhase section */

/* Begin PBXGroup section */
		23EAA01114DF6AB700F0B167 = {
			isa = PBXGroup;
			children = (
				23B39C4C14F21C410011CE9A /* libCoreEngine3D(OSX).a */,
				23BAE23114DF7AAD007FC3C8 /* Main.cpp */,
				23EAA01D14DF6AB800F0B167 /* Products */,
			);
			sourceTree = "<group>";
		};
		23EAA01D14DF6AB800F0B167 /* Products */ = {
			isa = PBXGroup;
			children = (
				23EAA01C14DF6AB800F0B167 /* HashString */,
			);
			name = Products;
			sourceTree = "<group>";
		};
/* End PBXGroup section */

/* Begin PBXNativeTarget section */
		23EAA01B14DF6AB800F0B167 /* HashString */ = {
			isa = PBXNativeTarget;
			buildConfigurationList = 23EAA02614DF6AB800F0B167 /* Build configuration list for PBXNativeTarget "HashString" */;
			buildPhases = (
				23EAA01814DF6AB800F0B167 /* Sources */,
				23EAA01914DF6AB800F0B167 /* Frameworks */,
				23EAA01A14DF6AB800F0B167 /* CopyFiles */,
			);
			buildRules = (
			);
			dependencies = (
			);
			name = HashString;
			productName = Hash;
			productReference = 23EAA01C14DF6AB800F0B167 /* HashString */;
			productType = "com.apple.product-type.tool";
		};
/* End PBXNativeTarget section */

/* Begin PBXProject section */
		23EAA01314DF6AB700F0B167 /* Project object */ = {
			isa = PBXProject;
			attributes = {
				LastUpgradeCheck = 0430;
			};
			buildConfigurationList = 23EAA01614DF6AB700F0B167 /* Build configuration list for PBXProject "HashString" */;
			compatibilityVersion = "Xcode 3.2";
			developmentRegion = English;
			hasScannedForEncodings = 0;
			knownRegions = (
				en,
			);
			mainGroup = 23EAA01114DF6AB700F0B167;
			productRefGroup = 23EAA01D14DF6AB800F0B167 /* Products */;
			projectDirPath = "";
			projectRoot = "";
			targets = (
				23EAA01B14DF6AB800F0B167 /* HashString */,
			);
		};
/* End PBXProject section */

/* Begin PBXSourcesBuildPhase section */
		23EAA01814DF6AB800F0B167 /* Sources */ = {
			isa = PBXSourcesBuildPhase;
			buildActionMask = 2147483647;
			files = (
				23BAE23214DF7AAD007FC3C8 /* Main.cpp in Sources */,
			);
			runOnlyForDeploymentPostprocessing = 0;
		};
/* End PBXSourcesBuildPhase section */

/* Begin XCBuildConfiguration section */
		23EAA02414DF6AB800F0B167 /* Debug */ = {
			isa = XCBuildConfiguration;
			buildSettings = {
				ALWAYS_SEARCH_USER_PATHS = NO;
				ARCHS = "$(ARCHS_STANDARD_64_BIT)";
				COPY_PHASE_STRIP = NO;
				GCC_C_LANGUAGE_STANDARD = gnu99;
				GCC_DYNAMIC_NO_PIC = NO;
				GCC_ENABLE_OBJC_EXCEPTIONS = YES;
				GCC_OPTIMIZATION_LEVEL = 0;
				GCC_PREPROCESSOR_DEFINITIONS = (
					"DEBUG=1",
					"$(inherited)",
				);
				GCC_SYMBOLS_PRIVATE_EXTERN = NO;
				GCC_VERSION = com.apple.compilers.llvm.clang.1_0;
				GCC_WARN_64_TO_32_BIT_CONVERSION = YES;
				GCC_WARN_ABOUT_MISSING_PROTOTYPES = YES;
				GCC_WARN_ABOUT_RETURN_TYPE = YES;
				GCC_WARN_UNUSED_VARIABLE = YES;
				MACOSX_DEPLOYMENT_TARGET = 10.7;
				ONLY_ACTIVE_ARCH = YES;
				SDKROOT = macosx;
				USER_HEADER_SEARCH_PATHS = ../../../../CoreEngine3D/;
			};
			name = Debug;
		};
		23EAA02514DF6AB800F0B167 /* Release */ = {
			isa = XCBuildConfiguration;
			buildSettings = {
				ALWAYS_SEARCH_USER_PATHS = NO;
				ARCHS = "$(ARCHS_STANDARD_64_BIT)";
				COPY_PHASE_STRIP = YES;
				DEBUG_INFORMATION_FORMAT = "dwarf-with-dsym";
				GCC_C_LANGUAGE_STANDARD = gnu99;
				GCC_ENABLE_OBJC_EXCEPTIONS = YES;
				GCC_VERSION = com.apple.compilers.llvm.clang.1_0;
				GCC_WARN_64_TO_32_BIT_CONVERSION = YES;
				GCC_WARN_ABOUT_MISSING_PROTOTYPES = YES;
				GCC_WARN_ABOUT_RETURN_TYPE = YES;
				GCC_WARN_UNUSED_VARIABLE = YES;
				MACOSX_DEPLOYMENT_TARGET = 10.7;
				SDKROOT = macosx;
				USER_HEADER_SEARCH_PATHS = ../../../../CoreEngine3D/;
			};
			name = Release;
		};
		23EAA02714DF6AB800F0B167 /* Debug */ = {
			isa = XCBuildConfiguration;
			buildSettings = {
				LIBRARY_SEARCH_PATHS = (
					"$(inherited)",
					"\"$(SRCROOT)/../../../../../../Library/Developer/Xcode/DerivedData/CoreTools-avoztlpqpknwnhdiipysaohuswpy/Build/Products/Debug\"",
				);
				PRODUCT_NAME = HashString;
			};
			name = Debug;
		};
		23EAA02814DF6AB800F0B167 /* Release */ = {
			isa = XCBuildConfiguration;
			buildSettings = {
				LIBRARY_SEARCH_PATHS = (
					"$(inherited)",
					"\"$(SRCROOT)/../../../../../../Library/Developer/Xcode/DerivedData/CoreTools-avoztlpqpknwnhdiipysaohuswpy/Build/Products/Debug\"",
				);
				PRODUCT_NAME = HashString;
			};
			name = Release;
		};
/* End XCBuildConfiguration section */

/* Begin XCConfigurationList section */
		23EAA01614DF6AB700F0B167 /* Build configuration list for PBXProject "HashString" */ = {
			isa = XCConfigurationList;
			buildConfigurations = (
				23EAA02414DF6AB800F0B167 /* Debug */,
				23EAA02514DF6AB800F0B167 /* Release */,
			);
			defaultConfigurationIsVisible = 0;
			defaultConfigurationName = Release;
		};
		23EAA02614DF6AB800F0B167 /* Build configuration list for PBXNativeTarget "HashString" */ = {
			isa = XCConfigurationList;
			buildConfigurations = (
				23EAA02714DF6AB800F0B167 /* Debug */,
				23EAA02814DF6AB800F0B167 /* Release */,
			);
			defaultConfigurationIsVisible = 0;
			defaultConfigurationName = Release;
		};
/* End XCConfigurationList section */
	};
	rootObject = 23EAA01314DF6AB700F0B167 /* Project object */;
}
