// !$*UTF8*$!
{
	archiveVersion = 1;
	classes = {
	};
	objectVersion = 46;
	objects = {

/* Begin PBXBuildFile section */
		23BAE23714DF7ADB007FC3C8 /* libCoreEngine3D(OSX).a in Frameworks */ = {isa = PBXBuildFile; fileRef = 23BAE23614DF7ADB007FC3C8 /* libCoreEngine3D(OSX).a */; };
		23C1F59514DF798600A3BFD6 /* Main.cpp in Sources */ = {isa = PBXBuildFile; fileRef = 23C1F59414DF798600A3BFD6 /* Main.cpp */; };
/* End PBXBuildFile section */

/* Begin PBXCopyFilesBuildPhase section */
		23C1F57014DF788800A3BFD6 /* CopyFiles */ = {
			isa = PBXCopyFilesBuildPhase;
			buildActionMask = 2147483647;
			dstPath = /usr/share/man/man1/;
			dstSubfolderSpec = 0;
			files = (
			);
			runOnlyForDeploymentPostprocessing = 1;
		};
/* End PBXCopyFilesBuildPhase section */

/* Begin PBXFileReference section */
		23BAE23614DF7ADB007FC3C8 /* libCoreEngine3D(OSX).a */ = {isa = PBXFileReference; lastKnownFileType = archive.ar; name = "libCoreEngine3D(OSX).a"; path = "../../../../../../Library/Developer/Xcode/DerivedData/CoreTools-avoztlpqpknwnhdiipysaohuswpy/Build/Products/Debug/libCoreEngine3D(OSX).a"; sourceTree = "<group>"; };
		23C1F57214DF788800A3BFD6 /* FontToTexture */ = {isa = PBXFileReference; explicitFileType = "compiled.mach-o.executable"; includeInIndex = 0; path = FontToTexture; sourceTree = BUILT_PRODUCTS_DIR; };
		23C1F59414DF798600A3BFD6 /* Main.cpp */ = {isa = PBXFileReference; fileEncoding = 4; lastKnownFileType = sourcecode.cpp.cpp; path = Main.cpp; sourceTree = "<group>"; };
/* End PBXFileReference section */

/* Begin PBXFrameworksBuildPhase section */
		23C1F56F14DF788800A3BFD6 /* Frameworks */ = {
			isa = PBXFrameworksBuildPhase;
			buildActionMask = 2147483647;
			files = (
				23BAE23714DF7ADB007FC3C8 /* libCoreEngine3D(OSX).a in Frameworks */,
			);
			runOnlyForDeploymentPostprocessing = 0;
		};
/* End PBXFrameworksBuildPhase section */

/* Begin PBXGroup section */
		23C1F56714DF788700A3BFD6 = {
			isa = PBXGroup;
			children = (
				23BAE23614DF7ADB007FC3C8 /* libCoreEngine3D(OSX).a */,
				23C1F59414DF798600A3BFD6 /* Main.cpp */,
				23C1F57314DF788800A3BFD6 /* Products */,
			);
			sourceTree = "<group>";
		};
		23C1F57314DF788800A3BFD6 /* Products */ = {
			isa = PBXGroup;
			children = (
				23C1F57214DF788800A3BFD6 /* FontToTexture */,
			);
			name = Products;
			sourceTree = "<group>";
		};
/* End PBXGroup section */

/* Begin PBXNativeTarget section */
		23C1F57114DF788800A3BFD6 /* FontToTexture */ = {
			isa = PBXNativeTarget;
			buildConfigurationList = 23C1F57C14DF788800A3BFD6 /* Build configuration list for PBXNativeTarget "FontToTexture" */;
			buildPhases = (
				23C1F56E14DF788800A3BFD6 /* Sources */,
				23C1F56F14DF788800A3BFD6 /* Frameworks */,
				23C1F57014DF788800A3BFD6 /* CopyFiles */,
			);
			buildRules = (
			);
			dependencies = (
			);
			name = FontToTexture;
			productName = FontToTexture;
			productReference = 23C1F57214DF788800A3BFD6 /* FontToTexture */;
			productType = "com.apple.product-type.tool";
		};
/* End PBXNativeTarget section */

/* Begin PBXProject section */
		23C1F56914DF788700A3BFD6 /* Project object */ = {
			isa = PBXProject;
			attributes = {
				LastUpgradeCheck = 0420;
			};
			buildConfigurationList = 23C1F56C14DF788700A3BFD6 /* Build configuration list for PBXProject "FontToTexture" */;
			compatibilityVersion = "Xcode 3.2";
			developmentRegion = English;
			hasScannedForEncodings = 0;
			knownRegions = (
				en,
			);
			mainGroup = 23C1F56714DF788700A3BFD6;
			productRefGroup = 23C1F57314DF788800A3BFD6 /* Products */;
			projectDirPath = "";
			projectRoot = "";
			targets = (
				23C1F57114DF788800A3BFD6 /* FontToTexture */,
			);
		};
/* End PBXProject section */

/* Begin PBXSourcesBuildPhase section */
		23C1F56E14DF788800A3BFD6 /* Sources */ = {
			isa = PBXSourcesBuildPhase;
			buildActionMask = 2147483647;
			files = (
				23C1F59514DF798600A3BFD6 /* Main.cpp in Sources */,
			);
			runOnlyForDeploymentPostprocessing = 0;
		};
/* End PBXSourcesBuildPhase section */

/* Begin XCBuildConfiguration section */
		23C1F57A14DF788800A3BFD6 /* Debug */ = {
			isa = XCBuildConfiguration;
			buildSettings = {
				ALWAYS_SEARCH_USER_PATHS = NO;
				ARCHS = "$(ARCHS_STANDARD_64_BIT)";
				COPY_PHASE_STRIP = NO;
				GCC_C_LANGUAGE_STANDARD = gnu99;
				GCC_DYNAMIC_NO_PIC = NO;
				GCC_ENABLE_OBJC_EXCEPTIONS = YES;
				GCC_OPTIMIZATION_LEVEL = 0;
				GCC_PREPROCESSOR_DEFINITIONS = (
					"DEBUG=1",
					"$(inherited)",
				);
				GCC_SYMBOLS_PRIVATE_EXTERN = NO;
				GCC_VERSION = com.apple.compilers.llvm.clang.1_0;
				GCC_WARN_64_TO_32_BIT_CONVERSION = YES;
				GCC_WARN_ABOUT_MISSING_PROTOTYPES = YES;
				GCC_WARN_ABOUT_RETURN_TYPE = YES;
				GCC_WARN_UNUSED_VARIABLE = YES;
				HEADER_SEARCH_PATHS = ../../../../CoreEngine3D/Engine/freetype/include/;
				MACOSX_DEPLOYMENT_TARGET = 10.7;
				ONLY_ACTIVE_ARCH = YES;
				SDKROOT = macosx;
				USER_HEADER_SEARCH_PATHS = ../../../../CoreEngine3D/;
			};
			name = Debug;
		};
		23C1F57B14DF788800A3BFD6 /* Release */ = {
			isa = XCBuildConfiguration;
			buildSettings = {
				ALWAYS_SEARCH_USER_PATHS = NO;
				ARCHS = "$(ARCHS_STANDARD_64_BIT)";
				COPY_PHASE_STRIP = YES;
				DEBUG_INFORMATION_FORMAT = "dwarf-with-dsym";
				GCC_C_LANGUAGE_STANDARD = gnu99;
				GCC_ENABLE_OBJC_EXCEPTIONS = YES;
				GCC_VERSION = com.apple.compilers.llvm.clang.1_0;
				GCC_WARN_64_TO_32_BIT_CONVERSION = YES;
				GCC_WARN_ABOUT_MISSING_PROTOTYPES = YES;
				GCC_WARN_ABOUT_RETURN_TYPE = YES;
				GCC_WARN_UNUSED_VARIABLE = YES;
				HEADER_SEARCH_PATHS = ../../../../CoreEngine3D/Engine/freetype/include/;
				MACOSX_DEPLOYMENT_TARGET = 10.7;
				SDKROOT = macosx;
				USER_HEADER_SEARCH_PATHS = ../../../../CoreEngine3D/;
			};
			name = Release;
		};
		23C1F57D14DF788800A3BFD6 /* Debug */ = {
			isa = XCBuildConfiguration;
			buildSettings = {
				LIBRARY_SEARCH_PATHS = (
					"$(inherited)",
					"\"$(SRCROOT)/../../../../../../Library/Developer/Xcode/DerivedData/CoreTools-avoztlpqpknwnhdiipysaohuswpy/Build/Products/Debug\"",
				);
				PRODUCT_NAME = "$(TARGET_NAME)";
			};
			name = Debug;
		};
		23C1F57E14DF788800A3BFD6 /* Release */ = {
			isa = XCBuildConfiguration;
			buildSettings = {
				LIBRARY_SEARCH_PATHS = (
					"$(inherited)",
					"\"$(SRCROOT)/../../../../../../Library/Developer/Xcode/DerivedData/CoreTools-avoztlpqpknwnhdiipysaohuswpy/Build/Products/Debug\"",
				);
				PRODUCT_NAME = "$(TARGET_NAME)";
			};
			name = Release;
		};
/* End XCBuildConfiguration section */

/* Begin XCConfigurationList section */
		23C1F56C14DF788700A3BFD6 /* Build configuration list for PBXProject "FontToTexture" */ = {
			isa = XCConfigurationList;
			buildConfigurations = (
				23C1F57A14DF788800A3BFD6 /* Debug */,
				23C1F57B14DF788800A3BFD6 /* Release */,
			);
			defaultConfigurationIsVisible = 0;
			defaultConfigurationName = Release;
		};
		23C1F57C14DF788800A3BFD6 /* Build configuration list for PBXNativeTarget "FontToTexture" */ = {
			isa = XCConfigurationList;
			buildConfigurations = (
				23C1F57D14DF788800A3BFD6 /* Debug */,
				23C1F57E14DF788800A3BFD6 /* Release */,
			);
			defaultConfigurationIsVisible = 0;
			defaultConfigurationName = Release;
		};
/* End XCConfigurationList section */
	};
	rootObject = 23C1F56914DF788700A3BFD6 /* Project object */;
}
